
Microsoft Visual Studio Solution File, Format Version 12.00
# Visual Studio Version 16
VisualStudioVersion = 16.0.31205.134
MinimumVisualStudioVersion = 10.0.40219.1
Project("{9A19103F-16F7-4668-BE54-9A1E7A4F7556}") = "AdminManagement", "AdminManagement\AdminManagement.csproj", "{A9856E7B-D1D1-495C-9C9F-0C94A485DD82}"
EndProject
Project("{9A19103F-16F7-4668-BE54-9A1E7A4F7556}") = "AdminManagement.Tests", "AdminManagement.Tests\AdminManagement.Tests.csproj", "{29A90BBC-7584-413D-A4A3-949B0DFE08A0}"
EndProject
Project("{E53339B2-1760-4266-BCC7-CA923CBCF16C}") = "docker-compose", "docker-compose.dcproj", "{4118C81D-E179-45DF-A57D-0EA6055B6327}"
EndProject
Project("{FAE04EC0-301F-11D3-BF4B-00C04F79EFBC}") = "AdminManagementUnitTest", "..\AdminManagementUnitTest\AdminManagementUnitTest.csproj", "{96E45F16-9A6A-4B92-8551-A2F1B010494D}"
EndProject
Global
	GlobalSection(SolutionConfigurationPlatforms) = preSolution
		Debug|Any CPU = Debug|Any CPU
		Release|Any CPU = Release|Any CPU
	EndGlobalSection
	GlobalSection(ProjectConfigurationPlatforms) = postSolution
		{A9856E7B-D1D1-495C-9C9F-0C94A485DD82}.Debug|Any CPU.ActiveCfg = Debug|Any CPU
		{A9856E7B-D1D1-495C-9C9F-0C94A485DD82}.Debug|Any CPU.Build.0 = Debug|Any CPU
		{A9856E7B-D1D1-495C-9C9F-0C94A485DD82}.Release|Any CPU.ActiveCfg = Release|Any CPU
		{A9856E7B-D1D1-495C-9C9F-0C94A485DD82}.Release|Any CPU.Build.0 = Release|Any CPU
		{29A90BBC-7584-413D-A4A3-949B0DFE08A0}.Debug|Any CPU.ActiveCfg = Debug|Any CPU
		{29A90BBC-7584-413D-A4A3-949B0DFE08A0}.Debug|Any CPU.Build.0 = Debug|Any CPU
		{29A90BBC-7584-413D-A4A3-949B0DFE08A0}.Release|Any CPU.ActiveCfg = Release|Any CPU
		{29A90BBC-7584-413D-A4A3-949B0DFE08A0}.Release|Any CPU.Build.0 = Release|Any CPU
		{4118C81D-E179-45DF-A57D-0EA6055B6327}.Debug|Any CPU.ActiveCfg = Debug|Any CPU
		{4118C81D-E179-45DF-A57D-0EA6055B6327}.Debug|Any CPU.Build.0 = Debug|Any CPU
		{4118C81D-E179-45DF-A57D-0EA6055B6327}.Release|Any CPU.ActiveCfg = Release|Any CPU
		{4118C81D-E179-45DF-A57D-0EA6055B6327}.Release|Any CPU.Build.0 = Release|Any CPU
		{96E45F16-9A6A-4B92-8551-A2F1B010494D}.Debug|Any CPU.ActiveCfg = Debug|Any CPU
		{96E45F16-9A6A-4B92-8551-A2F1B010494D}.Debug|Any CPU.Build.0 = Debug|Any CPU
		{96E45F16-9A6A-4B92-8551-A2F1B010494D}.Release|Any CPU.ActiveCfg = Release|Any CPU
		{96E45F16-9A6A-4B92-8551-A2F1B010494D}.Release|Any CPU.Build.0 = Release|Any CPU
	EndGlobalSection
	GlobalSection(SolutionProperties) = preSolution
		HideSolutionNode = FALSE
	EndGlobalSection
	GlobalSection(ExtensibilityGlobals) = postSolution
		SolutionGuid = {EBC8B400-2C4F-4716-AB02-ABBB48037F6C}
	EndGlobalSection
EndGlobal
